github.com/demdxx/gocast/v2 v2.10.2 h1:2lPDFjnCMDZCWgdrGv4OYG/tnbuLO8n+Zpjs8xgnk00=
github.com/demdxx/gocast/v2 v2.10.2/go.mod h1:gaT12/sJ4IyiZCZHrSZu67Abrjx41QSxe5wkD8aXNU0=
github.com/demdxx/xtypes v0.3.1 h1:U2wyM928SOgot4mDMsqbmX0+o7P8Rz17jGcX/62ljnM=
github.com/demdxx/xtypes v0.3.1/go.mod h1:f3iy0XyReRA4YlCVxx790MKCyFS38/90e6X/ftmOYSw=
github.com/stretchr/testify v1.12.1 h1:EuwCh5fleGS7H32xRwO3wRGT7DxrDhLAT6FF8MpWDWE=
github.com/stretchr/testify v1.12.1/go.mod h1:MDEgiDPPsNp5cuIrHPPCyornHKgEVbtFUmoNlxoYthg=
go.yaml.in/yaml/v3 v3.0.5 h1:N6y/pJk8buWs9NY5ERU2HSMfm+IuD/OtfdAnq6kESPw=
go.yaml.in/yaml/v3 v3.0.5/go.mod h1:HVTZu1O7/Vkt2N+BFy8Zza+lnLsABggaTM2ZpNIGuKg=
golang.org/x/exp v0.0.0-20260908205506-85c1c2202aba h1:Ck8QetSgk912qxWLMCKxd0in+aiyBQyDSMae6e/xmpU=
golang.org/x/exp v0.0.0-20260908205506-85c1c2202aba/go.mod h1:50RgIsmK7OwqzTTeqcSXQW8SswW0o8fRcDxmqGluJ8E=
